// !$*UTF8*$!
{
	archiveVersion = 1;
	classes = {
	};
	objectVersion = 77;
	objects = {

/* Begin PBXFileReference section */
		7CCC9C382DF07F21007D2345 /* LoggerCore.framework */ = {isa = PBXFileReference; explicitFileType = wrapper.framework; includeInIndex = 0; path = LoggerCore.framework; sourceTree = BUILT_PRODUCTS_DIR; };
/* End PBXFileReference section */

/* Begin PBXFileSystemSynchronizedRootGroup section */
		7CCC9C3A2DF07F21007D2345 /* Logger */ = {
			isa = PBXFileSystemSynchronizedRootGroup;
			path = Logger;
			sourceTree = "<group>";
		};
/* End PBXFileSystemSynchronizedRootGroup section */

/* Begin PBXFrameworksBuildPhase section */
		7CCC9C352DF07F21007D2345 /* Frameworks */ = {
			isa = PBXFrameworksBuildPhase;
			buildActionMask = 2147483647;
			files = (
			);
			runOnlyForDeploymentPostprocessing = 0;
		};
/* End PBXFrameworksBuildPhase section */

/* Begin PBXGroup section */
		7CCC9C2E2DF07F21007D2345 = {
			isa = PBXGroup;
			children = (
				7CCC9C3A2DF07F21007D2345 /* Logger */,
				7CCC9C392DF07F21007D2345 /* Products */,
			);
			sourceTree = "<group>";
		};
		7CCC9C392DF07F21007D2345 /* Products */ = {
			isa = PBXGroup;
			children = (
				7CCC9C382DF07F21007D2345 /* LoggerCore.framework */,
			);
			name = Products;
			sourceTree = "<group>";
		};
/* End PBXGroup section */

/* Begin PBXHeadersBuildPhase section */
		7CCC9C332DF07F21007D2345 /* Headers */ = {
			isa = PBXHeadersBuildPhase;
			buildActionMask = 2147483647;
			files = (
			);
			runOnlyForDeploymentPostprocessing = 0;
		};
/* End PBXHeadersBuildPhase section */

/* Begin PBXNativeTarget section */
		7CCC9C372DF07F21007D2345 /* LoggerCore */ = {
			isa = PBXNativeTarget;
			buildConfigurationList = 7CCC9C3F2DF07F21007D2345 /* Build configuration list for PBXNativeTarget "LoggerCore" */;
			buildPhases = (
				7CCC9C332DF07F21007D2345 /* Headers */,
				7CCC9C342DF07F21007D2345 /* Sources */,
				7CCC9C352DF07F21007D2345 /* Frameworks */,
				7CCC9C362DF07F21007D2345 /* Resources */,
			);
			buildRules = (
			);
			dependencies = (
			);
			fileSystemSynchronizedGroups = (
				7CCC9C3A2DF07F21007D2345 /* Logger */,
			);
			name = LoggerCore;
			packageProductDependencies = (
			);
			productName = Logger;
			productReference = 7CCC9C382DF07F21007D2345 /* LoggerCore.framework */;
			productType = "com.apple.product-type.framework";
		};
/* End PBXNativeTarget section */

/* Begin PBXProject section */
		7CCC9C2F2DF07F21007D2345 /* Project object */ = {
			isa = PBXProject;
			attributes = {
				BuildIndependentTargetsInParallel = 1;
				LastSwiftUpdateCheck = 1630;
				LastUpgradeCheck = 1630;
				TargetAttributes = {
					7CCC9C372DF07F21007D2345 = {
						CreatedOnToolsVersion = 16.3;
					};
				};
			};
			buildConfigurationList = 7CCC9C322DF07F21007D2345 /* Build configuration list for PBXProject "Logger" */;
			developmentRegion = en;
			hasScannedForEncodings = 0;
			knownRegions = (
				en,
				Base,
			);
			mainGroup = 7CCC9C2E2DF07F21007D2345;
			minimizedProjectReferenceProxies = 1;
			preferredProjectObjectVersion = 77;
			productRefGroup = 7CCC9C392DF07F21007D2345 /* Products */;
			projectDirPath = "";
			projectRoot = "";
			targets = (
				7CCC9C372DF07F21007D2345 /* LoggerCore */,
			);
		};
/* End PBXProject section */

/* Begin PBXResourcesBuildPhase section */
		7CCC9C362DF07F21007D2345 /* Resources */ = {
			isa = PBXResourcesBuildPhase;
			buildActionMask = 2147483647;
			files = (
			);
			runOnlyForDeploymentPostprocessing = 0;
		};
/* End PBXResourcesBuildPhase section */

/* Begin PBXSourcesBuildPhase section */
		7CCC9C342DF07F21007D2345 /* Sources */ = {
			isa = PBXSourcesBuildPhase;
			buildActionMask = 2147483647;
			files = (
			);
			runOnlyForDeploymentPostprocessing = 0;
		};
/* End PBXSourcesBuildPhase section */

/* Begin XCBuildConfiguration section */
		7CCC9C3D2DF07F21007D2345 /* DevDebug */ = {
			isa = XCBuildConfiguration;
			buildSettings = {
			};
			name = DevDebug;
		};
		7CCC9C3E2DF07F21007D2345 /* DevRelease */ = {
			isa = XCBuildConfiguration;
			buildSettings = {
			};
			name = DevRelease;
		};
		7CCC9C402DF07F21007D2345 /* DevDebug */ = {
			isa = XCBuildConfiguration;
			baseConfigurationReferenceAnchor = 7CCC9C3A2DF07F21007D2345 /* Logger */;
			baseConfigurationReferenceRelativePath = "Resources/Configs/Logger-DevDebug.xcconfig";
			buildSettings = {
			};
			name = DevDebug;
		};
		7CCC9C412DF07F21007D2345 /* DevRelease */ = {
			isa = XCBuildConfiguration;
			baseConfigurationReferenceAnchor = 7CCC9C3A2DF07F21007D2345 /* Logger */;
			baseConfigurationReferenceRelativePath = "Resources/Configs/Logger-DevRelease.xcconfig";
			buildSettings = {
			};
			name = DevRelease;
		};
		7CCC9CCD2DF09065007D2345 /* ProdDebug */ = {
			isa = XCBuildConfiguration;
			buildSettings = {
			};
			name = ProdDebug;
		};
		7CCC9CCE2DF09065007D2345 /* ProdDebug */ = {
			isa = XCBuildConfiguration;
			baseConfigurationReferenceAnchor = 7CCC9C3A2DF07F21007D2345 /* Logger */;
			baseConfigurationReferenceRelativePath = "Resources/Configs/Logger-ProdDebug.xcconfig";
			buildSettings = {
			};
			name = ProdDebug;
		};
		7CCC9CCF2DF09079007D2345 /* ProdRelease */ = {
			isa = XCBuildConfiguration;
			buildSettings = {
			};
			name = ProdRelease;
		};
		7CCC9CD02DF09079007D2345 /* ProdRelease */ = {
			isa = XCBuildConfiguration;
			baseConfigurationReferenceAnchor = 7CCC9C3A2DF07F21007D2345 /* Logger */;
			baseConfigurationReferenceRelativePath = "Resources/Configs/Logger-ProdRelease.xcconfig";
			buildSettings = {
			};
			name = ProdRelease;
		};
/* End XCBuildConfiguration section */

/* Begin XCConfigurationList section */
		7CCC9C322DF07F21007D2345 /* Build configuration list for PBXProject "Logger" */ = {
			isa = XCConfigurationList;
			buildConfigurations = (
				7CCC9C3D2DF07F21007D2345 /* DevDebug */,
				7CCC9CCD2DF09065007D2345 /* ProdDebug */,
				7CCC9C3E2DF07F21007D2345 /* DevRelease */,
				7CCC9CCF2DF09079007D2345 /* ProdRelease */,
			);
			defaultConfigurationIsVisible = 0;
			defaultConfigurationName = DevRelease;
		};
		7CCC9C3F2DF07F21007D2345 /* Build configuration list for PBXNativeTarget "LoggerCore" */ = {
			isa = XCConfigurationList;
			buildConfigurations = (
				7CCC9C402DF07F21007D2345 /* DevDebug */,
				7CCC9CCE2DF09065007D2345 /* ProdDebug */,
				7CCC9C412DF07F21007D2345 /* DevRelease */,
				7CCC9CD02DF09079007D2345 /* ProdRelease */,
			);
			defaultConfigurationIsVisible = 0;
			defaultConfigurationName = DevRelease;
		};
/* End XCConfigurationList section */
	};
	rootObject = 7CCC9C2F2DF07F21007D2345 /* Project object */;
}
